// !$*UTF8*$!
{
	archiveVersion = 1;
	classes = {
	};
	objectVersion = 50;
	objects = {

/* Begin PBXBuildFile section */
		41DEC76325025C760077E941 /* AppDelegate.swift in Sources */ = {isa = PBXBuildFile; fileRef = 41DEC76225025C760077E941 /* AppDelegate.swift */; };
		41DEC76525025C760077E941 /* SceneDelegate.swift in Sources */ = {isa = PBXBuildFile; fileRef = 41DEC76425025C760077E941 /* SceneDelegate.swift */; };
		41DEC76725025C760077E941 /* ViewController.swift in Sources */ = {isa = PBXBuildFile; fileRef = 41DEC76625025C760077E941 /* ViewController.swift */; };
		41DEC76A25025C770077E941 /* Main.storyboard in Resources */ = {isa = PBXBuildFile; fileRef = 41DEC76825025C770077E941 /* Main.storyboard */; };
		41DEC76C25025C7A0077E941 /* Assets.xcassets in Resources */ = {isa = PBXBuildFile; fileRef = 41DEC76B25025C7A0077E941 /* Assets.xcassets */; };
		41DEC76F25025C7A0077E941 /* LaunchScreen.storyboard in Resources */ = {isa = PBXBuildFile; fileRef = 41DEC76D25025C7A0077E941 /* LaunchScreen.storyboard */; };
		41DEC77A25025C7A0077E941 /* countTests.swift in Sources */ = {isa = PBXBuildFile; fileRef = 41DEC77925025C7A0077E941 /* countTests.swift */; };
		41DEC78525025C7A0077E941 /* countUITests.swift in Sources */ = {isa = PBXBuildFile; fileRef = 41DEC78425025C7A0077E941 /* countUITests.swift */; };
		41DEC79525025FCE0077E941 /* Image.png in Resources */ = {isa = PBXBuildFile; fileRef = 41DEC79425025FCE0077E941 /* Image.png */; };
/* End PBXBuildFile section */

/* Begin PBXContainerItemProxy section */
		41DEC77625025C7A0077E941 /* PBXContainerItemProxy */ = {
			isa = PBXContainerItemProxy;
			containerPortal = 41DEC75725025C760077E941 /* Project object */;
			proxyType = 1;
			remoteGlobalIDString = 41DEC75E25025C760077E941;
			remoteInfo = count;
		};
		41DEC78125025C7A0077E941 /* PBXContainerItemProxy */ = {
			isa = PBXContainerItemProxy;
			containerPortal = 41DEC75725025C760077E941 /* Project object */;
			proxyType = 1;
			remoteGlobalIDString = 41DEC75E25025C760077E941;
			remoteInfo = count;
		};
/* End PBXContainerItemProxy section */

/* Begin PBXFileReference section */
		41DEC75F25025C760077E941 /* count.app */ = {isa = PBXFileReference; explicitFileType = wrapper.application; includeInIndex = 0; path = count.app; sourceTree = BUILT_PRODUCTS_DIR; };
		41DEC76225025C760077E941 /* AppDelegate.swift */ = {isa = PBXFileReference; lastKnownFileType = sourcecode.swift; path = AppDelegate.swift; sourceTree = "<group>"; };
		41DEC76425025C760077E941 /* SceneDelegate.swift */ = {isa = PBXFileReference; lastKnownFileType = sourcecode.swift; path = SceneDelegate.swift; sourceTree = "<group>"; };
		41DEC76625025C760077E941 /* ViewController.swift */ = {isa = PBXFileReference; lastKnownFileType = sourcecode.swift; path = ViewController.swift; sourceTree = "<group>"; };
		41DEC76925025C770077E941 /* Base */ = {isa = PBXFileReference; lastKnownFileType = file.storyboard; name = Base; path = Base.lproj/Main.storyboard; sourceTree = "<group>"; };
		41DEC76B25025C7A0077E941 /* Assets.xcassets */ = {isa = PBXFileReference; lastKnownFileType = folder.assetcatalog; path = Assets.xcassets; sourceTree = "<group>"; };
		41DEC76E25025C7A0077E941 /* Base */ = {isa = PBXFileReference; lastKnownFileType = file.storyboard; name = Base; path = Base.lproj/LaunchScreen.storyboard; sourceTree = "<group>"; };
		41DEC77025025C7A0077E941 /* Info.plist */ = {isa = PBXFileReference; lastKnownFileType = text.plist.xml; path = Info.plist; sourceTree = "<group>"; };
		41DEC77525025C7A0077E941 /* countTests.xctest */ = {isa = PBXFileReference; explicitFileType = wrapper.cfbundle; includeInIndex = 0; path = countTests.xctest; sourceTree = BUILT_PRODUCTS_DIR; };
		41DEC77925025C7A0077E941 /* countTests.swift */ = {isa = PBXFileReference; lastKnownFileType = sourcecode.swift; path = countTests.swift; sourceTree = "<group>"; };
		41DEC77B25025C7A0077E941 /* Info.plist */ = {isa = PBXFileReference; lastKnownFileType = text.plist.xml; path = Info.plist; sourceTree = "<group>"; };
		41DEC78025025C7A0077E941 /* countUITests.xctest */ = {isa = PBXFileReference; explicitFileType = wrapper.cfbundle; includeInIndex = 0; path = countUITests.xctest; sourceTree = BUILT_PRODUCTS_DIR; };
		41DEC78425025C7A0077E941 /* countUITests.swift */ = {isa = PBXFileReference; lastKnownFileType = sourcecode.swift; path = countUITests.swift; sourceTree = "<group>"; };
		41DEC78625025C7A0077E941 /* Info.plist */ = {isa = PBXFileReference; lastKnownFileType = text.plist.xml; path = Info.plist; sourceTree = "<group>"; };
		41DEC79425025FCE0077E941 /* Image.png */ = {isa = PBXFileReference; lastKnownFileType = image.png; path = Image.png; sourceTree = "<group>"; };
/* End PBXFileReference section */

/* Begin PBXFrameworksBuildPhase section */
		41DEC75C25025C760077E941 /* Frameworks */ = {
			isa = PBXFrameworksBuildPhase;
			buildActionMask = 2147483647;
			files = (
			);
			runOnlyForDeploymentPostprocessing = 0;
		};
		41DEC77225025C7A0077E941 /* Frameworks */ = {
			isa = PBXFrameworksBuildPhase;
			buildActionMask = 2147483647;
			files = (
			);
			runOnlyForDeploymentPostprocessing = 0;
		};
		41DEC77D25025C7A0077E941 /* Frameworks */ = {
			isa = PBXFrameworksBuildPhase;
			buildActionMask = 2147483647;
			files = (
			);
			runOnlyForDeploymentPostprocessing = 0;
		};
/* End PBXFrameworksBuildPhase section */

/* Begin PBXGroup section */
		41DEC75625025C760077E941 = {
			isa = PBXGroup;
			children = (
				41DEC79425025FCE0077E941 /* Image.png */,
				41DEC76125025C760077E941 /* count */,
				41DEC77825025C7A0077E941 /* countTests */,
				41DEC78325025C7A0077E941 /* countUITests */,
				41DEC76025025C760077E941 /* Products */,
			);
			sourceTree = "<group>";
		};
		41DEC76025025C760077E941 /* Products */ = {
			isa = PBXGroup;
			children = (
				41DEC75F25025C760077E941 /* count.app */,
				41DEC77525025C7A0077E941 /* countTests.xctest */,
				41DEC78025025C7A0077E941 /* countUITests.xctest */,
			);
			name = Products;
			sourceTree = "<group>";
		};
		41DEC76125025C760077E941 /* count */ = {
			isa = PBXGroup;
			children = (
				41DEC76225025C760077E941 /* AppDelegate.swift */,
				41DEC76425025C760077E941 /* SceneDelegate.swift */,
				41DEC76625025C760077E941 /* ViewController.swift */,
				41DEC76825025C770077E941 /* Main.storyboard */,
				41DEC76B25025C7A0077E941 /* Assets.xcassets */,
				41DEC76D25025C7A0077E941 /* LaunchScreen.storyboard */,
				41DEC77025025C7A0077E941 /* Info.plist */,
			);
			path = count;
			sourceTree = "<group>";
		};
		41DEC77825025C7A0077E941 /* countTests */ = {
			isa = PBXGroup;
			children = (
				41DEC77925025C7A0077E941 /* countTests.swift */,
				41DEC77B25025C7A0077E941 /* Info.plist */,
			);
			path = countTests;
			sourceTree = "<group>";
		};
		41DEC78325025C7A0077E941 /* countUITests */ = {
			isa = PBXGroup;
			children = (
				41DEC78425025C7A0077E941 /* countUITests.swift */,
				41DEC78625025C7A0077E941 /* Info.plist */,
			);
			path = countUITests;
			sourceTree = "<group>";
		};
/* End PBXGroup section */

/* Begin PBXNativeTarget section */
		41DEC75E25025C760077E941 /* count */ = {
			isa = PBXNativeTarget;
			buildConfigurationList = 41DEC78925025C7A0077E941 /* Build configuration list for PBXNativeTarget "count" */;
			buildPhases = (
				41DEC75B25025C760077E941 /* Sources */,
				41DEC75C25025C760077E941 /* Frameworks */,
				41DEC75D25025C760077E941 /* Resources */,
			);
			buildRules = (
			);
			dependencies = (
			);
			name = count;
			productName = count;
			productReference = 41DEC75F25025C760077E941 /* count.app */;
			productType = "com.apple.product-type.application";
		};
		41DEC77425025C7A0077E941 /* countTests */ = {
			isa = PBXNativeTarget;
			buildConfigurationList = 41DEC78C25025C7A0077E941 /* Build configuration list for PBXNativeTarget "countTests" */;
			buildPhases = (
				41DEC77125025C7A0077E941 /* Sources */,
				41DEC77225025C7A0077E941 /* Frameworks */,
				41DEC77325025C7A0077E941 /* Resources */,
			);
			buildRules = (
			);
			dependencies = (
				41DEC77725025C7A0077E941 /* PBXTargetDependency */,
			);
			name = countTests;
			productName = countTests;
			productReference = 41DEC77525025C7A0077E941 /* countTests.xctest */;
			productType = "com.apple.product-type.bundle.unit-test";
		};
		41DEC77F25025C7A0077E941 /* countUITests */ = {
			isa = PBXNativeTarget;
			buildConfigurationList = 41DEC78F25025C7A0077E941 /* Build configuration list for PBXNativeTarget "countUITests" */;
			buildPhases = (
				41DEC77C25025C7A0077E941 /* Sources */,
				41DEC77D25025C7A0077E941 /* Frameworks */,
				41DEC77E25025C7A0077E941 /* Resources */,
			);
			buildRules = (
			);
			dependencies = (
				41DEC78225025C7A0077E941 /* PBXTargetDependency */,
			);
			name = countUITests;
			productName = countUITests;
			productReference = 41DEC78025025C7A0077E941 /* countUITests.xctest */;
			productType = "com.apple.product-type.bundle.ui-testing";
		};
/* End PBXNativeTarget section */

/* Begin PBXProject section */
		41DEC75725025C760077E941 /* Project object */ = {
			isa = PBXProject;
			attributes = {
				LastSwiftUpdateCheck = 1170;
				LastUpgradeCheck = 1170;
				ORGANIZATIONNAME = IdoUmi;
				TargetAttributes = {
					41DEC75E25025C760077E941 = {
						CreatedOnToolsVersion = 11.7;
					};
					41DEC77425025C7A0077E941 = {
						CreatedOnToolsVersion = 11.7;
						TestTargetID = 41DEC75E25025C760077E941;
					};
					41DEC77F25025C7A0077E941 = {
						CreatedOnToolsVersion = 11.7;
						TestTargetID = 41DEC75E25025C760077E941;
					};
				};
			};
			buildConfigurationList = 41DEC75A25025C760077E941 /* Build configuration list for PBXProject "count" */;
			compatibilityVersion = "Xcode 9.3";
			developmentRegion = en;
			hasScannedForEncodings = 0;
			knownRegions = (
				en,
				Base,
			);
			mainGroup = 41DEC75625025C760077E941;
			productRefGroup = 41DEC76025025C760077E941 /* Products */;
			projectDirPath = "";
			projectRoot = "";
			targets = (
				41DEC75E25025C760077E941 /* count */,
				41DEC77425025C7A0077E941 /* countTests */,
				41DEC77F25025C7A0077E941 /* countUITests */,
			);
		};
/* End PBXProject section */

/* Begin PBXResourcesBuildPhase section */
		41DEC75D25025C760077E941 /* Resources */ = {
			isa = PBXResourcesBuildPhase;
			buildActionMask = 2147483647;
			files = (
				41DEC76F25025C7A0077E941 /* LaunchScreen.storyboard in Resources */,
				41DEC76C25025C7A0077E941 /* Assets.xcassets in Resources */,
				41DEC76A25025C770077E941 /* Main.storyboard in Resources */,
				41DEC79525025FCE0077E941 /* Image.png in Resources */,
			);
			runOnlyForDeploymentPostprocessing = 0;
		};
		41DEC77325025C7A0077E941 /* Resources */ = {
			isa = PBXResourcesBuildPhase;
			buildActionMask = 2147483647;
			files = (
			);
			runOnlyForDeploymentPostprocessing = 0;
		};
		41DEC77E25025C7A0077E941 /* Resources */ = {
			isa = PBXResourcesBuildPhase;
			buildActionMask = 2147483647;
			files = (
			);
			runOnlyForDeploymentPostprocessing = 0;
		};
/* End PBXResourcesBuildPhase section */

/* Begin PBXSourcesBuildPhase section */
		41DEC75B25025C760077E941 /* Sources */ = {
			isa = PBXSourcesBuildPhase;
			buildActionMask = 2147483647;
			files = (
				41DEC76725025C760077E941 /* ViewController.swift in Sources */,
				41DEC76325025C760077E941 /* AppDelegate.swift in Sources */,
				41DEC76525025C760077E941 /* SceneDelegate.swift in Sources */,
			);
			runOnlyForDeploymentPostprocessing = 0;
		};
		41DEC77125025C7A0077E941 /* Sources */ = {
			isa = PBXSourcesBuildPhase;
			buildActionMask = 2147483647;
			files = (
				41DEC77A25025C7A0077E941 /* countTests.swift in Sources */,
			);
			runOnlyForDeploymentPostprocessing = 0;
		};
		41DEC77C25025C7A0077E941 /* Sources */ = {
			isa = PBXSourcesBuildPhase;
			buildActionMask = 2147483647;
			files = (
				41DEC78525025C7A0077E941 /* countUITests.swift in Sources */,
			);
			runOnlyForDeploymentPostprocessing = 0;
		};
/* End PBXSourcesBuildPhase section */

/* Begin PBXTargetDependency section */
		41DEC77725025C7A0077E941 /* PBXTargetDependency */ = {
			isa = PBXTargetDependency;
			target = 41DEC75E25025C760077E941 /* count */;
			targetProxy = 41DEC77625025C7A0077E941 /* PBXContainerItemProxy */;
		};
		41DEC78225025C7A0077E941 /* PBXTargetDependency */ = {
			isa = PBXTargetDependency;
			target = 41DEC75E25025C760077E941 /* count */;
			targetProxy = 41DEC78125025C7A0077E941 /* PBXContainerItemProxy */;
		};
/* End PBXTargetDependency section */

/* Begin PBXVariantGroup section */
		41DEC76825025C770077E941 /* Main.storyboard */ = {
			isa = PBXVariantGroup;
			children = (
				41DEC76925025C770077E941 /* Base */,
			);
			name = Main.storyboard;
			sourceTree = "<group>";
		};
		41DEC76D25025C7A0077E941 /* LaunchScreen.storyboard */ = {
			isa = PBXVariantGroup;
			children = (
				41DEC76E25025C7A0077E941 /* Base */,
			);
			name = LaunchScreen.storyboard;
			sourceTree = "<group>";
		};
/* End PBXVariantGroup section */

/* Begin XCBuildConfiguration section */
		41DEC78725025C7A0077E941 /* Debug */ = {
			isa = XCBuildConfiguration;
			buildSettings = {
				ALWAYS_SEARCH_USER_PATHS = NO;
				CLANG_ANALYZER_NONNULL = YES;
				CLANG_ANALYZER_NUMBER_OBJECT_CONVERSION = YES_AGGRESSIVE;
				CLANG_CXX_LANGUAGE_STANDARD = "gnu++14";
				CLANG_CXX_LIBRARY = "libc++";
				CLANG_ENABLE_MODULES = YES;
				CLANG_ENABLE_OBJC_ARC = YES;
				CLANG_ENABLE_OBJC_WEAK = YES;
				CLANG_WARN_BLOCK_CAPTURE_AUTORELEASING = YES;
				CLANG_WARN_BOOL_CONVERSION = YES;
				CLANG_WARN_COMMA = YES;
				CLANG_WARN_CONSTANT_CONVERSION = YES;
				CLANG_WARN_DEPRECATED_OBJC_IMPLEMENTATIONS = YES;
				CLANG_WARN_DIRECT_OBJC_ISA_USAGE = YES_ERROR;
				CLANG_WARN_DOCUMENTATION_COMMENTS = YES;
				CLANG_WARN_EMPTY_BODY = YES;
				CLANG_WARN_ENUM_CONVERSION = YES;
				CLANG_WARN_INFINITE_RECURSION = YES;
				CLANG_WARN_INT_CONVERSION = YES;
				CLANG_WARN_NON_LITERAL_NULL_CONVERSION = YES;
				CLANG_WARN_OBJC_IMPLICIT_RETAIN_SELF = YES;
				CLANG_WARN_OBJC_LITERAL_CONVERSION = YES;
				CLANG_WARN_OBJC_ROOT_CLASS = YES_ERROR;
				CLANG_WARN_RANGE_LOOP_ANALYSIS = YES;
				CLANG_WARN_STRICT_PROTOTYPES = YES;
				CLANG_WARN_SUSPICIOUS_MOVE = YES;
				CLANG_WARN_UNGUARDED_AVAILABILITY = YES_AGGRESSIVE;
				CLANG_WARN_UNREACHABLE_CODE = YES;
				CLANG_WARN__DUPLICATE_METHOD_MATCH = YES;
				COPY_PHASE_STRIP = NO;
				DEBUG_INFORMATION_FORMAT = dwarf;
				ENABLE_STRICT_OBJC_MSGSEND = YES;
				ENABLE_TESTABILITY = YES;
				GCC_C_LANGUAGE_STANDARD = gnu11;
				GCC_DYNAMIC_NO_PIC = NO;
				GCC_NO_COMMON_BLOCKS = YES;
				GCC_OPTIMIZATION_LEVEL = 0;
				GCC_PREPROCESSOR_DEFINITIONS = (
					"DEBUG=1",
					"$(inherited)",
				);
				GCC_WARN_64_TO_32_BIT_CONVERSION = YES;
				GCC_WARN_ABOUT_RETURN_TYPE = YES_ERROR;
				GCC_WARN_UNDECLARED_SELECTOR = YES;
				GCC_WARN_UNINITIALIZED_AUTOS = YES_AGGRESSIVE;
				GCC_WARN_UNUSED_FUNCTION = YES;
				GCC_WARN_UNUSED_VARIABLE = YES;
				IPHONEOS_DEPLOYMENT_TARGET = 13.7;
				MTL_ENABLE_DEBUG_INFO = INCLUDE_SOURCE;
				MTL_FAST_MATH = YES;
				ONLY_ACTIVE_ARCH = YES;
				SDKROOT = iphoneos;
				SWIFT_ACTIVE_COMPILATION_CONDITIONS = DEBUG;
				SWIFT_OPTIMIZATION_LEVEL = "-Onone";
			};
			name = Debug;
		};
		41DEC78825025C7A0077E941 /* Release */ = {
			isa = XCBuildConfiguration;
			buildSettings = {
				ALWAYS_SEARCH_USER_PATHS = NO;
				CLANG_ANALYZER_NONNULL = YES;
				CLANG_ANALYZER_NUMBER_OBJECT_CONVERSION = YES_AGGRESSIVE;
				CLANG_CXX_LANGUAGE_STANDARD = "gnu++14";
				CLANG_CXX_LIBRARY = "libc++";
				CLANG_ENABLE_MODULES = YES;
				CLANG_ENABLE_OBJC_ARC = YES;
				CLANG_ENABLE_OBJC_WEAK = YES;
				CLANG_WARN_BLOCK_CAPTURE_AUTORELEASING = YES;
				CLANG_WARN_BOOL_CONVERSION = YES;
				CLANG_WARN_COMMA = YES;
				CLANG_WARN_CONSTANT_CONVERSION = YES;
				CLANG_WARN_DEPRECATED_OBJC_IMPLEMENTATIONS = YES;
				CLANG_WARN_DIRECT_OBJC_ISA_USAGE = YES_ERROR;
				CLANG_WARN_DOCUMENTATION_COMMENTS = YES;
				CLANG_WARN_EMPTY_BODY = YES;
				CLANG_WARN_ENUM_CONVERSION = YES;
				CLANG_WARN_INFINITE_RECURSION = YES;
				CLANG_WARN_INT_CONVERSION = YES;
				CLANG_WARN_NON_LITERAL_NULL_CONVERSION = YES;
				CLANG_WARN_OBJC_IMPLICIT_RETAIN_SELF = YES;
				CLANG_WARN_OBJC_LITERAL_CONVERSION = YES;
				CLANG_WARN_OBJC_ROOT_CLASS = YES_ERROR;
				CLANG_WARN_RANGE_LOOP_ANALYSIS = YES;
				CLANG_WARN_STRICT_PROTOTYPES = YES;
				CLANG_WARN_SUSPICIOUS_MOVE = YES;
				CLANG_WARN_UNGUARDED_AVAILABILITY = YES_AGGRESSIVE;
				CLANG_WARN_UNREACHABLE_CODE = YES;
				CLANG_WARN__DUPLICATE_METHOD_MATCH = YES;
				COPY_PHASE_STRIP = NO;
				DEBUG_INFORMATION_FORMAT = "dwarf-with-dsym";
				ENABLE_NS_ASSERTIONS = NO;
				ENABLE_STRICT_OBJC_MSGSEND = YES;
				GCC_C_LANGUAGE_STANDARD = gnu11;
				GCC_NO_COMMON_BLOCKS = YES;
				GCC_WARN_64_TO_32_BIT_CONVERSION = YES;
				GCC_WARN_ABOUT_RETURN_TYPE = YES_ERROR;
				GCC_WARN_UNDECLARED_SELECTOR = YES;
				GCC_WARN_UNINITIALIZED_AUTOS = YES_AGGRESSIVE;
				GCC_WARN_UNUSED_FUNCTION = YES;
				GCC_WARN_UNUSED_VARIABLE = YES;
				IPHONEOS_DEPLOYMENT_TARGET = 13.7;
				MTL_ENABLE_DEBUG_INFO = NO;
				MTL_FAST_MATH = YES;
				SDKROOT = iphoneos;
				SWIFT_COMPILATION_MODE = wholemodule;
				SWIFT_OPTIMIZATION_LEVEL = "-O";
				VALIDATE_PRODUCT = YES;
			};
			name = Release;
		};
		41DEC78A25025C7A0077E941 /* Debug */ = {
			isa = XCBuildConfiguration;
			buildSettings = {
				ASSETCATALOG_COMPILER_APPICON_NAME = AppIcon;
				CODE_SIGN_STYLE = Automatic;
				INFOPLIST_FILE = count/Info.plist;
				LD_RUNPATH_SEARCH_PATHS = (
					"$(inherited)",
					"@executable_path/Frameworks",
				);
				PRODUCT_BUNDLE_IDENTIFIER = app.ido.umi.count;
				PRODUCT_NAME = "$(TARGET_NAME)";
				SWIFT_VERSION = 5.0;
				TARGETED_DEVICE_FAMILY = "1,2";
			};
			name = Debug;
		};
		41DEC78B25025C7A0077E941 /* Release */ = {
			isa = XCBuildConfiguration;
			buildSettings = {
				ASSETCATALOG_COMPILER_APPICON_NAME = AppIcon;
				CODE_SIGN_STYLE = Automatic;
				INFOPLIST_FILE = count/Info.plist;
				LD_RUNPATH_SEARCH_PATHS = (
					"$(inherited)",
					"@executable_path/Frameworks",
				);
				PRODUCT_BUNDLE_IDENTIFIER = app.ido.umi.count;
				PRODUCT_NAME = "$(TARGET_NAME)";
				SWIFT_VERSION = 5.0;
				TARGETED_DEVICE_FAMILY = "1,2";
			};
			name = Release;
		};
		41DEC78D25025C7A0077E941 /* Debug */ = {
			isa = XCBuildConfiguration;
			buildSettings = {
				ALWAYS_EMBED_SWIFT_STANDARD_LIBRARIES = YES;
				BUNDLE_LOADER = "$(TEST_HOST)";
				CODE_SIGN_STYLE = Automatic;
				INFOPLIST_FILE = countTests/Info.plist;
				IPHONEOS_DEPLOYMENT_TARGET = 13.7;
				LD_RUNPATH_SEARCH_PATHS = (
					"$(inherited)",
					"@executable_path/Frameworks",
					"@loader_path/Frameworks",
				);
				PRODUCT_BUNDLE_IDENTIFIER = app.ido.umi.countTests;
				PRODUCT_NAME = "$(TARGET_NAME)";
				SWIFT_VERSION = 5.0;
				TARGETED_DEVICE_FAMILY = "1,2";
				TEST_HOST = "$(BUILT_PRODUCTS_DIR)/count.app/count";
			};
			name = Debug;
		};
		41DEC78E25025C7A0077E941 /* Release */ = {
			isa = XCBuildConfiguration;
			buildSettings = {
				ALWAYS_EMBED_SWIFT_STANDARD_LIBRARIES = YES;
				BUNDLE_LOADER = "$(TEST_HOST)";
				CODE_SIGN_STYLE = Automatic;
				INFOPLIST_FILE = countTests/Info.plist;
				IPHONEOS_DEPLOYMENT_TARGET = 13.7;
				LD_RUNPATH_SEARCH_PATHS = (
					"$(inherited)",
					"@executable_path/Frameworks",
					"@loader_path/Frameworks",
				);
				PRODUCT_BUNDLE_IDENTIFIER = app.ido.umi.countTests;
				PRODUCT_NAME = "$(TARGET_NAME)";
				SWIFT_VERSION = 5.0;
				TARGETED_DEVICE_FAMILY = "1,2";
				TEST_HOST = "$(BUILT_PRODUCTS_DIR)/count.app/count";
			};
			name = Release;
		};
		41DEC79025025C7A0077E941 /* Debug */ = {
			isa = XCBuildConfiguration;
			buildSettings = {
				ALWAYS_EMBED_SWIFT_STANDARD_LIBRARIES = YES;
				CODE_SIGN_STYLE = Automatic;
				INFOPLIST_FILE = countUITests/Info.plist;
				LD_RUNPATH_SEARCH_PATHS = (
					"$(inherited)",
					"@executable_path/Frameworks",
					"@loader_path/Frameworks",
				);
				PRODUCT_BUNDLE_IDENTIFIER = app.ido.umi.countUITests;
				PRODUCT_NAME = "$(TARGET_NAME)";
				SWIFT_VERSION = 5.0;
				TARGETED_DEVICE_FAMILY = "1,2";
				TEST_TARGET_NAME = count;
			};
			name = Debug;
		};
		41DEC79125025C7A0077E941 /* Release */ = {
			isa = XCBuildConfiguration;
			buildSettings = {
				ALWAYS_EMBED_SWIFT_STANDARD_LIBRARIES = YES;
				CODE_SIGN_STYLE = Automatic;
				INFOPLIST_FILE = countUITests/Info.plist;
				LD_RUNPATH_SEARCH_PATHS = (
					"$(inherited)",
					"@executable_path/Frameworks",
					"@loader_path/Frameworks",
				);
				PRODUCT_BUNDLE_IDENTIFIER = app.ido.umi.countUITests;
				PRODUCT_NAME = "$(TARGET_NAME)";
				SWIFT_VERSION = 5.0;
				TARGETED_DEVICE_FAMILY = "1,2";
				TEST_TARGET_NAME = count;
			};
			name = Release;
		};
/* End XCBuildConfiguration section */

/* Begin XCConfigurationList section */
		41DEC75A25025C760077E941 /* Build configuration list for PBXProject "count" */ = {
			isa = XCConfigurationList;
			buildConfigurations = (
				41DEC78725025C7A0077E941 /* Debug */,
				41DEC78825025C7A0077E941 /* Release */,
			);
			defaultConfigurationIsVisible = 0;
			defaultConfigurationName = Release;
		};
		41DEC78925025C7A0077E941 /* Build configuration list for PBXNativeTarget "count" */ = {
			isa = XCConfigurationList;
			buildConfigurations = (
				41DEC78A25025C7A0077E941 /* Debug */,
				41DEC78B25025C7A0077E941 /* Release */,
			);
			defaultConfigurationIsVisible = 0;
			defaultConfigurationName = Release;
		};
		41DEC78C25025C7A0077E941 /* Build configuration list for PBXNativeTarget "countTests" */ = {
			isa = XCConfigurationList;
			buildConfigurations = (
				41DEC78D25025C7A0077E941 /* Debug */,
				41DEC78E25025C7A0077E941 /* Release */,
			);
			defaultConfigurationIsVisible = 0;
			defaultConfigurationName = Release;
		};
		41DEC78F25025C7A0077E941 /* Build configuration list for PBXNativeTarget "countUITests" */ = {
			isa = XCConfigurationList;
			buildConfigurations = (
				41DEC79025025C7A0077E941 /* Debug */,
				41DEC79125025C7A0077E941 /* Release */,
			);
			defaultConfigurationIsVisible = 0;
			defaultConfigurationName = Release;
		};
/* End XCConfigurationList section */
	};
	rootObject = 41DEC75725025C760077E941 /* Project object */;
}
